
Microsoft Visual Studio Solution File, Format Version 12.00
# Visual Studio Version 17
VisualStudioVersion = 17.5.002.0
MinimumVisualStudioVersion = 10.0.40219.1
Project("{9A19103F-16F7-4668-BE54-9A1E7A4F7556}") = "Biblioteca", "Biblioteca\Biblioteca.csproj", "{B51B7E50-BE0E-4529-9192-9F20891ACD77}"
EndProject
Project("{FAE04EC0-301F-11D3-BF4B-00C04F79EFBC}") = "Api", "Api\Api.csproj", "{33122400-DAC9-48FA-A67A-BCA7599335B9}"
EndProject
Global
	GlobalSection(SolutionConfigurationPlatforms) = preSolution
		Debug|Any CPU = Debug|Any CPU
		Release|Any CPU = Release|Any CPU
	EndGlobalSection
	GlobalSection(ProjectConfigurationPlatforms) = postSolution
		{B51B7E50-BE0E-4529-9192-9F20891ACD77}.Debug|Any CPU.ActiveCfg = Debug|Any CPU
		{B51B7E50-BE0E-4529-9192-9F20891ACD77}.Debug|Any CPU.Build.0 = Debug|Any CPU
		{B51B7E50-BE0E-4529-9192-9F20891ACD77}.Release|Any CPU.ActiveCfg = Release|Any CPU
		{B51B7E50-BE0E-4529-9192-9F20891ACD77}.Release|Any CPU.Build.0 = Release|Any CPU
		{33122400-DAC9-48FA-A67A-BCA7599335B9}.Debug|Any CPU.ActiveCfg = Debug|Any CPU
		{33122400-DAC9-48FA-A67A-BCA7599335B9}.Debug|Any CPU.Build.0 = Debug|Any CPU
		{33122400-DAC9-48FA-A67A-BCA7599335B9}.Release|Any CPU.ActiveCfg = Release|Any CPU
		{33122400-DAC9-48FA-A67A-BCA7599335B9}.Release|Any CPU.Build.0 = Release|Any CPU
	EndGlobalSection
	GlobalSection(SolutionProperties) = preSolution
		HideSolutionNode = FALSE
	EndGlobalSection
	GlobalSection(ExtensibilityGlobals) = postSolution
		SolutionGuid = {6A556095-C9A6-4F98-B0E6-C08AAE61F830}
	EndGlobalSection
EndGlobal
